// !$*UTF8*$!
{
	archiveVersion = 1;
	classes = {
	};
	objectVersion = 56;
	objects = {

/* Begin PBXBuildFile section */
		E253310E2B1C700300A56DAD /* SnapKit in Frameworks */ = {isa = PBXBuildFile; productRef = E253310D2B1C700300A56DAD /* SnapKit */; };
		E25331102B1C700600A56DAD /* SDWebImage in Frameworks */ = {isa = PBXBuildFile; productRef = E253310F2B1C700600A56DAD /* SDWebImage */; };
		E2D34B322AD31A3900C8EFD8 /* Coordinator.swift in Sources */ = {isa = PBXBuildFile; fileRef = E2D34B312AD31A3900C8EFD8 /* Coordinator.swift */; };
		E2D34B342AD31AC700C8EFD8 /* ScreenFactory.swift in Sources */ = {isa = PBXBuildFile; fileRef = E2D34B332AD31AC700C8EFD8 /* ScreenFactory.swift */; };
		E2D34B362AD31B9800C8EFD8 /* Routable.swift in Sources */ = {isa = PBXBuildFile; fileRef = E2D34B352AD31B9800C8EFD8 /* Routable.swift */; };
		E2D34B382AD31DA300C8EFD8 /* ArticlesRoute.swift in Sources */ = {isa = PBXBuildFile; fileRef = E2D34B372AD31DA300C8EFD8 /* ArticlesRoute.swift */; };
		E2D34B3A2AD31FAB00C8EFD8 /* DetailArticleViewModel.swift in Sources */ = {isa = PBXBuildFile; fileRef = E2D34B392AD31FAB00C8EFD8 /* DetailArticleViewModel.swift */; };
		E2D34B3C2AD3202400C8EFD8 /* DetailArticleMapper.swift in Sources */ = {isa = PBXBuildFile; fileRef = E2D34B3B2AD3202400C8EFD8 /* DetailArticleMapper.swift */; };
		E2D34B3F2AD3250000C8EFD8 /* ImageController.swift in Sources */ = {isa = PBXBuildFile; fileRef = E2D34B3E2AD3250000C8EFD8 /* ImageController.swift */; };
		E2D34B412AD3254E00C8EFD8 /* ImageControllerViewModel.swift in Sources */ = {isa = PBXBuildFile; fileRef = E2D34B402AD3254E00C8EFD8 /* ImageControllerViewModel.swift */; };
		F83283472AACDF5A00E6C471 /* ArticlesViewModel.swift in Sources */ = {isa = PBXBuildFile; fileRef = F83283462AACDF5A00E6C471 /* ArticlesViewModel.swift */; };
		F83283492AACE37400E6C471 /* ArticelMapper.swift in Sources */ = {isa = PBXBuildFile; fileRef = F83283482AACE37300E6C471 /* ArticelMapper.swift */; };
		F8E053A12AA4902A0025E665 /* AppDelegate.swift in Sources */ = {isa = PBXBuildFile; fileRef = F8E053A02AA4902A0025E665 /* AppDelegate.swift */; };
		F8E053A32AA4902A0025E665 /* SceneDelegate.swift in Sources */ = {isa = PBXBuildFile; fileRef = F8E053A22AA4902A0025E665 /* SceneDelegate.swift */; };
		F8E053A52AA4902A0025E665 /* ArticlesController.swift in Sources */ = {isa = PBXBuildFile; fileRef = F8E053A42AA4902A0025E665 /* ArticlesController.swift */; };
		F8E053AA2AA4902B0025E665 /* Assets.xcassets in Resources */ = {isa = PBXBuildFile; fileRef = F8E053A92AA4902B0025E665 /* Assets.xcassets */; };
		F8E053AD2AA4902B0025E665 /* LaunchScreen.storyboard in Resources */ = {isa = PBXBuildFile; fileRef = F8E053AB2AA4902B0025E665 /* LaunchScreen.storyboard */; };
		F8E053B62AA49AB60025E665 /* ArticlesNetworkService.swift in Sources */ = {isa = PBXBuildFile; fileRef = F8E053B52AA49AB60025E665 /* ArticlesNetworkService.swift */; };
		F8E053B82AA49AD20025E665 /* ArticleDTO.swift in Sources */ = {isa = PBXBuildFile; fileRef = F8E053B72AA49AD20025E665 /* ArticleDTO.swift */; };
		F8E053C62AA4B0D60025E665 /* ArticleCell.swift in Sources */ = {isa = PBXBuildFile; fileRef = F8E053C52AA4B0D60025E665 /* ArticleCell.swift */; };
		F8E053C92AA4D3790025E665 /* DetailArticle.swift in Sources */ = {isa = PBXBuildFile; fileRef = F8E053C82AA4D3790025E665 /* DetailArticle.swift */; };
		F8E053CC2AA4DDA20025E665 /* WebViewController.swift in Sources */ = {isa = PBXBuildFile; fileRef = F8E053CB2AA4DDA20025E665 /* WebViewController.swift */; };
/* End PBXBuildFile section */

/* Begin PBXFileReference section */
		E2D34B312AD31A3900C8EFD8 /* Coordinator.swift */ = {isa = PBXFileReference; lastKnownFileType = sourcecode.swift; path = Coordinator.swift; sourceTree = "<group>"; };
		E2D34B332AD31AC700C8EFD8 /* ScreenFactory.swift */ = {isa = PBXFileReference; lastKnownFileType = sourcecode.swift; path = ScreenFactory.swift; sourceTree = "<group>"; };
		E2D34B352AD31B9800C8EFD8 /* Routable.swift */ = {isa = PBXFileReference; lastKnownFileType = sourcecode.swift; path = Routable.swift; sourceTree = "<group>"; };
		E2D34B372AD31DA300C8EFD8 /* ArticlesRoute.swift */ = {isa = PBXFileReference; lastKnownFileType = sourcecode.swift; path = ArticlesRoute.swift; sourceTree = "<group>"; };
		E2D34B392AD31FAB00C8EFD8 /* DetailArticleViewModel.swift */ = {isa = PBXFileReference; lastKnownFileType = sourcecode.swift; path = DetailArticleViewModel.swift; sourceTree = "<group>"; };
		E2D34B3B2AD3202400C8EFD8 /* DetailArticleMapper.swift */ = {isa = PBXFileReference; lastKnownFileType = sourcecode.swift; path = DetailArticleMapper.swift; sourceTree = "<group>"; };
		E2D34B3E2AD3250000C8EFD8 /* ImageController.swift */ = {isa = PBXFileReference; lastKnownFileType = sourcecode.swift; path = ImageController.swift; sourceTree = "<group>"; };
		E2D34B402AD3254E00C8EFD8 /* ImageControllerViewModel.swift */ = {isa = PBXFileReference; lastKnownFileType = sourcecode.swift; path = ImageControllerViewModel.swift; sourceTree = "<group>"; };
		F83283462AACDF5A00E6C471 /* ArticlesViewModel.swift */ = {isa = PBXFileReference; lastKnownFileType = sourcecode.swift; path = ArticlesViewModel.swift; sourceTree = "<group>"; };
		F83283482AACE37300E6C471 /* ArticelMapper.swift */ = {isa = PBXFileReference; lastKnownFileType = sourcecode.swift; path = ArticelMapper.swift; sourceTree = "<group>"; };
		F8E0539D2AA4902A0025E665 /* space.app */ = {isa = PBXFileReference; explicitFileType = wrapper.application; includeInIndex = 0; path = space.app; sourceTree = BUILT_PRODUCTS_DIR; };
		F8E053A02AA4902A0025E665 /* AppDelegate.swift */ = {isa = PBXFileReference; lastKnownFileType = sourcecode.swift; path = AppDelegate.swift; sourceTree = "<group>"; };
		F8E053A22AA4902A0025E665 /* SceneDelegate.swift */ = {isa = PBXFileReference; lastKnownFileType = sourcecode.swift; path = SceneDelegate.swift; sourceTree = "<group>"; };
		F8E053A42AA4902A0025E665 /* ArticlesController.swift */ = {isa = PBXFileReference; lastKnownFileType = sourcecode.swift; path = ArticlesController.swift; sourceTree = "<group>"; };
		F8E053A92AA4902B0025E665 /* Assets.xcassets */ = {isa = PBXFileReference; lastKnownFileType = folder.assetcatalog; path = Assets.xcassets; sourceTree = "<group>"; };
		F8E053AC2AA4902B0025E665 /* Base */ = {isa = PBXFileReference; lastKnownFileType = file.storyboard; name = Base; path = Base.lproj/LaunchScreen.storyboard; sourceTree = "<group>"; };
		F8E053AE2AA4902B0025E665 /* Info.plist */ = {isa = PBXFileReference; lastKnownFileType = text.plist.xml; path = Info.plist; sourceTree = "<group>"; };
		F8E053B52AA49AB60025E665 /* ArticlesNetworkService.swift */ = {isa = PBXFileReference; lastKnownFileType = sourcecode.swift; path = ArticlesNetworkService.swift; sourceTree = "<group>"; };
		F8E053B72AA49AD20025E665 /* ArticleDTO.swift */ = {isa = PBXFileReference; lastKnownFileType = sourcecode.swift; path = ArticleDTO.swift; sourceTree = "<group>"; };
		F8E053C52AA4B0D60025E665 /* ArticleCell.swift */ = {isa = PBXFileReference; lastKnownFileType = sourcecode.swift; path = ArticleCell.swift; sourceTree = "<group>"; };
		F8E053C82AA4D3790025E665 /* DetailArticle.swift */ = {isa = PBXFileReference; lastKnownFileType = sourcecode.swift; path = DetailArticle.swift; sourceTree = "<group>"; };
		F8E053CB2AA4DDA20025E665 /* WebViewController.swift */ = {isa = PBXFileReference; lastKnownFileType = sourcecode.swift; path = WebViewController.swift; sourceTree = "<group>"; };
/* End PBXFileReference section */

/* Begin PBXFrameworksBuildPhase section */
		F8E0539A2AA4902A0025E665 /* Frameworks */ = {
			isa = PBXFrameworksBuildPhase;
			buildActionMask = 2147483647;
			files = (
				E25331102B1C700600A56DAD /* SDWebImage in Frameworks */,
				E253310E2B1C700300A56DAD /* SnapKit in Frameworks */,
			);
			runOnlyForDeploymentPostprocessing = 0;
		};
/* End PBXFrameworksBuildPhase section */

/* Begin PBXGroup section */
		E253310C2B1C700300A56DAD /* Frameworks */ = {
			isa = PBXGroup;
			children = (
			);
			name = Frameworks;
			sourceTree = "<group>";
		};
		E2D34B3D2AD324F300C8EFD8 /* ImageController */ = {
			isa = PBXGroup;
			children = (
				E2D34B3E2AD3250000C8EFD8 /* ImageController.swift */,
				E2D34B402AD3254E00C8EFD8 /* ImageControllerViewModel.swift */,
			);
			path = ImageController;
			sourceTree = "<group>";
		};
		F8E053942AA490290025E665 = {
			isa = PBXGroup;
			children = (
				F8E0539F2AA4902A0025E665 /* space */,
				F8E0539E2AA4902A0025E665 /* Products */,
				E253310C2B1C700300A56DAD /* Frameworks */,
			);
			sourceTree = "<group>";
		};
		F8E0539E2AA4902A0025E665 /* Products */ = {
			isa = PBXGroup;
			children = (
				F8E0539D2AA4902A0025E665 /* space.app */,
			);
			name = Products;
			sourceTree = "<group>";
		};
		F8E0539F2AA4902A0025E665 /* space */ = {
			isa = PBXGroup;
			children = (
				F8E053C12AA4AEE80025E665 /* Application */,
				F8E053C22AA4AF110025E665 /* Modules */,
				F8E053B42AA49A820025E665 /* NetworkService */,
				F8E053C32AA4AF290025E665 /* Resources */,
				F8E053AE2AA4902B0025E665 /* Info.plist */,
			);
			path = space;
			sourceTree = "<group>";
		};
		F8E053B42AA49A820025E665 /* NetworkService */ = {
			isa = PBXGroup;
			children = (
				F8E053B52AA49AB60025E665 /* ArticlesNetworkService.swift */,
				F8E053B72AA49AD20025E665 /* ArticleDTO.swift */,
			);
			path = NetworkService;
			sourceTree = "<group>";
		};
		F8E053C12AA4AEE80025E665 /* Application */ = {
			isa = PBXGroup;
			children = (
				F8E053A22AA4902A0025E665 /* SceneDelegate.swift */,
				F8E053A02AA4902A0025E665 /* AppDelegate.swift */,
				E2D34B312AD31A3900C8EFD8 /* Coordinator.swift */,
				E2D34B352AD31B9800C8EFD8 /* Routable.swift */,
				E2D34B332AD31AC700C8EFD8 /* ScreenFactory.swift */,
				F8E053AB2AA4902B0025E665 /* LaunchScreen.storyboard */,
			);
			path = Application;
			sourceTree = "<group>";
		};
		F8E053C22AA4AF110025E665 /* Modules */ = {
			isa = PBXGroup;
			children = (
				F8E053CA2AA4DD8D0025E665 /* WebViewController */,
				F8E053C72AA4CFE10025E665 /* DetailArticle */,
				F8E053C42AA4B0BC0025E665 /* Articles */,
			);
			path = Modules;
			sourceTree = "<group>";
		};
		F8E053C32AA4AF290025E665 /* Resources */ = {
			isa = PBXGroup;
			children = (
				F8E053A92AA4902B0025E665 /* Assets.xcassets */,
			);
			path = Resources;
			sourceTree = "<group>";
		};
		F8E053C42AA4B0BC0025E665 /* Articles */ = {
			isa = PBXGroup;
			children = (
				F8E053A42AA4902A0025E665 /* ArticlesController.swift */,
				F83283462AACDF5A00E6C471 /* ArticlesViewModel.swift */,
				E2D34B372AD31DA300C8EFD8 /* ArticlesRoute.swift */,
				F83283482AACE37300E6C471 /* ArticelMapper.swift */,
				F8E053C52AA4B0D60025E665 /* ArticleCell.swift */,
				E2D34B3D2AD324F300C8EFD8 /* ImageController */,
			);
			path = Articles;
			sourceTree = "<group>";
		};
		F8E053C72AA4CFE10025E665 /* DetailArticle */ = {
			isa = PBXGroup;
			children = (
				F8E053C82AA4D3790025E665 /* DetailArticle.swift */,
				E2D34B392AD31FAB00C8EFD8 /* DetailArticleViewModel.swift */,
				E2D34B3B2AD3202400C8EFD8 /* DetailArticleMapper.swift */,
			);
			path = DetailArticle;
			sourceTree = "<group>";
		};
		F8E053CA2AA4DD8D0025E665 /* WebViewController */ = {
			isa = PBXGroup;
			children = (
				F8E053CB2AA4DDA20025E665 /* WebViewController.swift */,
			);
			path = WebViewController;
			sourceTree = "<group>";
		};
/* End PBXGroup section */

/* Begin PBXNativeTarget section */
		F8E0539C2AA4902A0025E665 /* space */ = {
			isa = PBXNativeTarget;
			buildConfigurationList = F8E053B12AA4902B0025E665 /* Build configuration list for PBXNativeTarget "space" */;
			buildPhases = (
				F8E053992AA4902A0025E665 /* Sources */,
				F8E0539A2AA4902A0025E665 /* Frameworks */,
				F8E0539B2AA4902A0025E665 /* Resources */,
			);
			buildRules = (
			);
			dependencies = (
			);
			name = space;
			packageProductDependencies = (
				E253310D2B1C700300A56DAD /* SnapKit */,
				E253310F2B1C700600A56DAD /* SDWebImage */,
			);
			productName = space;
			productReference = F8E0539D2AA4902A0025E665 /* space.app */;
			productType = "com.apple.product-type.application";
		};
/* End PBXNativeTarget section */

/* Begin PBXProject section */
		F8E053952AA490290025E665 /* Project object */ = {
			isa = PBXProject;
			attributes = {
				BuildIndependentTargetsInParallel = 1;
				LastSwiftUpdateCheck = 1430;
				LastUpgradeCheck = 1430;
				TargetAttributes = {
					F8E0539C2AA4902A0025E665 = {
						CreatedOnToolsVersion = 14.3.1;
					};
				};
			};
			buildConfigurationList = F8E053982AA490290025E665 /* Build configuration list for PBXProject "space" */;
			compatibilityVersion = "Xcode 14.0";
			developmentRegion = en;
			hasScannedForEncodings = 0;
			knownRegions = (
				en,
				Base,
			);
			mainGroup = F8E053942AA490290025E665;
			packageReferences = (
				F8E053B92AA4A7460025E665 /* XCRemoteSwiftPackageReference "SnapKit" */,
				F8E053BE2AA4A9DD0025E665 /* XCRemoteSwiftPackageReference "SDWebImage" */,
			);
			productRefGroup = F8E0539E2AA4902A0025E665 /* Products */;
			projectDirPath = "";
			projectRoot = "";
			targets = (
				F8E0539C2AA4902A0025E665 /* space */,
			);
		};
/* End PBXProject section */

/* Begin PBXResourcesBuildPhase section */
		F8E0539B2AA4902A0025E665 /* Resources */ = {
			isa = PBXResourcesBuildPhase;
			buildActionMask = 2147483647;
			files = (
				F8E053AD2AA4902B0025E665 /* LaunchScreen.storyboard in Resources */,
				F8E053AA2AA4902B0025E665 /* Assets.xcassets in Resources */,
			);
			runOnlyForDeploymentPostprocessing = 0;
		};
/* End PBXResourcesBuildPhase section */

/* Begin PBXSourcesBuildPhase section */
		F8E053992AA4902A0025E665 /* Sources */ = {
			isa = PBXSourcesBuildPhase;
			buildActionMask = 2147483647;
			files = (
				E2D34B3C2AD3202400C8EFD8 /* DetailArticleMapper.swift in Sources */,
				F8E053A52AA4902A0025E665 /* ArticlesController.swift in Sources */,
				F8E053B62AA49AB60025E665 /* ArticlesNetworkService.swift in Sources */,
				E2D34B382AD31DA300C8EFD8 /* ArticlesRoute.swift in Sources */,
				E2D34B362AD31B9800C8EFD8 /* Routable.swift in Sources */,
				E2D34B342AD31AC700C8EFD8 /* ScreenFactory.swift in Sources */,
				F8E053C62AA4B0D60025E665 /* ArticleCell.swift in Sources */,
				F8E053A12AA4902A0025E665 /* AppDelegate.swift in Sources */,
				F8E053B82AA49AD20025E665 /* ArticleDTO.swift in Sources */,
				F83283472AACDF5A00E6C471 /* ArticlesViewModel.swift in Sources */,
				E2D34B322AD31A3900C8EFD8 /* Coordinator.swift in Sources */,
				F8E053C92AA4D3790025E665 /* DetailArticle.swift in Sources */,
				E2D34B412AD3254E00C8EFD8 /* ImageControllerViewModel.swift in Sources */,
				F83283492AACE37400E6C471 /* ArticelMapper.swift in Sources */,
				F8E053A32AA4902A0025E665 /* SceneDelegate.swift in Sources */,
				E2D34B3F2AD3250000C8EFD8 /* ImageController.swift in Sources */,
				E2D34B3A2AD31FAB00C8EFD8 /* DetailArticleViewModel.swift in Sources */,
				F8E053CC2AA4DDA20025E665 /* WebViewController.swift in Sources */,
			);
			runOnlyForDeploymentPostprocessing = 0;
		};
/* End PBXSourcesBuildPhase section */

/* Begin PBXVariantGroup section */
		F8E053AB2AA4902B0025E665 /* LaunchScreen.storyboard */ = {
			isa = PBXVariantGroup;
			children = (
				F8E053AC2AA4902B0025E665 /* Base */,
			);
			name = LaunchScreen.storyboard;
			sourceTree = "<group>";
		};
/* End PBXVariantGroup section */

/* Begin XCBuildConfiguration section */
		F8E053AF2AA4902B0025E665 /* Debug */ = {
			isa = XCBuildConfiguration;
			buildSettings = {
				ALWAYS_SEARCH_USER_PATHS = NO;
				CLANG_ANALYZER_NONNULL = YES;
				CLANG_ANALYZER_NUMBER_OBJECT_CONVERSION = YES_AGGRESSIVE;
				CLANG_CXX_LANGUAGE_STANDARD = "gnu++20";
				CLANG_ENABLE_MODULES = YES;
				CLANG_ENABLE_OBJC_ARC = YES;
				CLANG_ENABLE_OBJC_WEAK = YES;
				CLANG_WARN_BLOCK_CAPTURE_AUTORELEASING = YES;
				CLANG_WARN_BOOL_CONVERSION = YES;
				CLANG_WARN_COMMA = YES;
				CLANG_WARN_CONSTANT_CONVERSION = YES;
				CLANG_WARN_DEPRECATED_OBJC_IMPLEMENTATIONS = YES;
				CLANG_WARN_DIRECT_OBJC_ISA_USAGE = YES_ERROR;
				CLANG_WARN_DOCUMENTATION_COMMENTS = YES;
				CLANG_WARN_EMPTY_BODY = YES;
				CLANG_WARN_ENUM_CONVERSION = YES;
				CLANG_WARN_INFINITE_RECURSION = YES;
				CLANG_WARN_INT_CONVERSION = YES;
				CLANG_WARN_NON_LITERAL_NULL_CONVERSION = YES;
				CLANG_WARN_OBJC_IMPLICIT_RETAIN_SELF = YES;
				CLANG_WARN_OBJC_LITERAL_CONVERSION = YES;
				CLANG_WARN_OBJC_ROOT_CLASS = YES_ERROR;
				CLANG_WARN_QUOTED_INCLUDE_IN_FRAMEWORK_HEADER = YES;
				CLANG_WARN_RANGE_LOOP_ANALYSIS = YES;
				CLANG_WARN_STRICT_PROTOTYPES = YES;
				CLANG_WARN_SUSPICIOUS_MOVE = YES;
				CLANG_WARN_UNGUARDED_AVAILABILITY = YES_AGGRESSIVE;
				CLANG_WARN_UNREACHABLE_CODE = YES;
				CLANG_WARN__DUPLICATE_METHOD_MATCH = YES;
				COPY_PHASE_STRIP = NO;
				DEBUG_INFORMATION_FORMAT = dwarf;
				ENABLE_STRICT_OBJC_MSGSEND = YES;
				ENABLE_TESTABILITY = YES;
				GCC_C_LANGUAGE_STANDARD = gnu11;
				GCC_DYNAMIC_NO_PIC = NO;
				GCC_NO_COMMON_BLOCKS = YES;
				GCC_OPTIMIZATION_LEVEL = 0;
				GCC_PREPROCESSOR_DEFINITIONS = (
					"DEBUG=1",
					"$(inherited)",
				);
				GCC_WARN_64_TO_32_BIT_CONVERSION = YES;
				GCC_WARN_ABOUT_RETURN_TYPE = YES_ERROR;
				GCC_WARN_UNDECLARED_SELECTOR = YES;
				GCC_WARN_UNINITIALIZED_AUTOS = YES_AGGRESSIVE;
				GCC_WARN_UNUSED_FUNCTION = YES;
				GCC_WARN_UNUSED_VARIABLE = YES;
				IPHONEOS_DEPLOYMENT_TARGET = 15.0;
				MTL_ENABLE_DEBUG_INFO = INCLUDE_SOURCE;
				MTL_FAST_MATH = YES;
				ONLY_ACTIVE_ARCH = YES;
				SDKROOT = iphoneos;
				SWIFT_ACTIVE_COMPILATION_CONDITIONS = DEBUG;
				SWIFT_OPTIMIZATION_LEVEL = "-Onone";
			};
			name = Debug;
		};
		F8E053B02AA4902B0025E665 /* Release */ = {
			isa = XCBuildConfiguration;
			buildSettings = {
				ALWAYS_SEARCH_USER_PATHS = NO;
				CLANG_ANALYZER_NONNULL = YES;
				CLANG_ANALYZER_NUMBER_OBJECT_CONVERSION = YES_AGGRESSIVE;
				CLANG_CXX_LANGUAGE_STANDARD = "gnu++20";
				CLANG_ENABLE_MODULES = YES;
				CLANG_ENABLE_OBJC_ARC = YES;
				CLANG_ENABLE_OBJC_WEAK = YES;
				CLANG_WARN_BLOCK_CAPTURE_AUTORELEASING = YES;
				CLANG_WARN_BOOL_CONVERSION = YES;
				CLANG_WARN_COMMA = YES;
				CLANG_WARN_CONSTANT_CONVERSION = YES;
				CLANG_WARN_DEPRECATED_OBJC_IMPLEMENTATIONS = YES;
				CLANG_WARN_DIRECT_OBJC_ISA_USAGE = YES_ERROR;
				CLANG_WARN_DOCUMENTATION_COMMENTS = YES;
				CLANG_WARN_EMPTY_BODY = YES;
				CLANG_WARN_ENUM_CONVERSION = YES;
				CLANG_WARN_INFINITE_RECURSION = YES;
				CLANG_WARN_INT_CONVERSION = YES;
				CLANG_WARN_NON_LITERAL_NULL_CONVERSION = YES;
				CLANG_WARN_OBJC_IMPLICIT_RETAIN_SELF = YES;
				CLANG_WARN_OBJC_LITERAL_CONVERSION = YES;
				CLANG_WARN_OBJC_ROOT_CLASS = YES_ERROR;
				CLANG_WARN_QUOTED_INCLUDE_IN_FRAMEWORK_HEADER = YES;
				CLANG_WARN_RANGE_LOOP_ANALYSIS = YES;
				CLANG_WARN_STRICT_PROTOTYPES = YES;
				CLANG_WARN_SUSPICIOUS_MOVE = YES;
				CLANG_WARN_UNGUARDED_AVAILABILITY = YES_AGGRESSIVE;
				CLANG_WARN_UNREACHABLE_CODE = YES;
				CLANG_WARN__DUPLICATE_METHOD_MATCH = YES;
				COPY_PHASE_STRIP = NO;
				DEBUG_INFORMATION_FORMAT = "dwarf-with-dsym";
				ENABLE_NS_ASSERTIONS = NO;
				ENABLE_STRICT_OBJC_MSGSEND = YES;
				GCC_C_LANGUAGE_STANDARD = gnu11;
				GCC_NO_COMMON_BLOCKS = YES;
				GCC_WARN_64_TO_32_BIT_CONVERSION = YES;
				GCC_WARN_ABOUT_RETURN_TYPE = YES_ERROR;
				GCC_WARN_UNDECLARED_SELECTOR = YES;
				GCC_WARN_UNINITIALIZED_AUTOS = YES_AGGRESSIVE;
				GCC_WARN_UNUSED_FUNCTION = YES;
				GCC_WARN_UNUSED_VARIABLE = YES;
				IPHONEOS_DEPLOYMENT_TARGET = 15.0;
				MTL_ENABLE_DEBUG_INFO = NO;
				MTL_FAST_MATH = YES;
				SDKROOT = iphoneos;
				SWIFT_COMPILATION_MODE = wholemodule;
				SWIFT_OPTIMIZATION_LEVEL = "-O";
				VALIDATE_PRODUCT = YES;
			};
			name = Release;
		};
		F8E053B22AA4902B0025E665 /* Debug */ = {
			isa = XCBuildConfiguration;
			buildSettings = {
				ASSETCATALOG_COMPILER_APPICON_NAME = AppIcon;
				ASSETCATALOG_COMPILER_GLOBAL_ACCENT_COLOR_NAME = AccentColor;
				CODE_SIGN_STYLE = Automatic;
				CURRENT_PROJECT_VERSION = 1;
				DEVELOPMENT_TEAM = "";
				GENERATE_INFOPLIST_FILE = YES;
				INFOPLIST_FILE = space/Info.plist;
				INFOPLIST_KEY_UIApplicationSupportsIndirectInputEvents = YES;
				INFOPLIST_KEY_UILaunchStoryboardName = LaunchScreen;
				INFOPLIST_KEY_UIMainStoryboardFile = "";
				INFOPLIST_KEY_UISupportedInterfaceOrientations = "UIInterfaceOrientationPortrait UIInterfaceOrientationPortraitUpsideDown";
				IPHONEOS_DEPLOYMENT_TARGET = 15.0;
				LD_RUNPATH_SEARCH_PATHS = (
					"$(inherited)",
					"@executable_path/Frameworks",
				);
				MARKETING_VERSION = 1.0;
				PRODUCT_BUNDLE_IDENTIFIER = berezin.space;
				PRODUCT_NAME = "$(TARGET_NAME)";
				SWIFT_EMIT_LOC_STRINGS = YES;
				SWIFT_VERSION = 5.0;
				TARGETED_DEVICE_FAMILY = "1,2";
			};
			name = Debug;
		};
		F8E053B32AA4902B0025E665 /* Release */ = {
			isa = XCBuildConfiguration;
			buildSettings = {
				ASSETCATALOG_COMPILER_APPICON_NAME = AppIcon;
				ASSETCATALOG_COMPILER_GLOBAL_ACCENT_COLOR_NAME = AccentColor;
				CODE_SIGN_STYLE = Automatic;
				CURRENT_PROJECT_VERSION = 1;
				DEVELOPMENT_TEAM = "";
				GENERATE_INFOPLIST_FILE = YES;
				INFOPLIST_FILE = space/Info.plist;
				INFOPLIST_KEY_UIApplicationSupportsIndirectInputEvents = YES;
				INFOPLIST_KEY_UILaunchStoryboardName = LaunchScreen;
				INFOPLIST_KEY_UIMainStoryboardFile = "";
				INFOPLIST_KEY_UISupportedInterfaceOrientations = "UIInterfaceOrientationPortrait UIInterfaceOrientationPortraitUpsideDown";
				IPHONEOS_DEPLOYMENT_TARGET = 15.0;
				LD_RUNPATH_SEARCH_PATHS = (
					"$(inherited)",
					"@executable_path/Frameworks",
				);
				MARKETING_VERSION = 1.0;
				PRODUCT_BUNDLE_IDENTIFIER = berezin.space;
				PRODUCT_NAME = "$(TARGET_NAME)";
				SWIFT_EMIT_LOC_STRINGS = YES;
				SWIFT_VERSION = 5.0;
				TARGETED_DEVICE_FAMILY = "1,2";
			};
			name = Release;
		};
/* End XCBuildConfiguration section */

/* Begin XCConfigurationList section */
		F8E053982AA490290025E665 /* Build configuration list for PBXProject "space" */ = {
			isa = XCConfigurationList;
			buildConfigurations = (
				F8E053AF2AA4902B0025E665 /* Debug */,
				F8E053B02AA4902B0025E665 /* Release */,
			);
			defaultConfigurationIsVisible = 0;
			defaultConfigurationName = Release;
		};
		F8E053B12AA4902B0025E665 /* Build configuration list for PBXNativeTarget "space" */ = {
			isa = XCConfigurationList;
			buildConfigurations = (
				F8E053B22AA4902B0025E665 /* Debug */,
				F8E053B32AA4902B0025E665 /* Release */,
			);
			defaultConfigurationIsVisible = 0;
			defaultConfigurationName = Release;
		};
/* End XCConfigurationList section */

/* Begin XCRemoteSwiftPackageReference section */
		F8E053B92AA4A7460025E665 /* XCRemoteSwiftPackageReference "SnapKit" */ = {
			isa = XCRemoteSwiftPackageReference;
			repositoryURL = "https://github.com/SnapKit/SnapKit.git";
			requirement = {
				kind = upToNextMajorVersion;
				minimumVersion = 5.0.0;
			};
		};
		F8E053BE2AA4A9DD0025E665 /* XCRemoteSwiftPackageReference "SDWebImage" */ = {
			isa = XCRemoteSwiftPackageReference;
			repositoryURL = "https://github.com/SDWebImage/SDWebImage";
			requirement = {
				kind = upToNextMajorVersion;
				minimumVersion = 5.0.0;
			};
		};
/* End XCRemoteSwiftPackageReference section */

/* Begin XCSwiftPackageProductDependency section */
		E253310D2B1C700300A56DAD /* SnapKit */ = {
			isa = XCSwiftPackageProductDependency;
			package = F8E053B92AA4A7460025E665 /* XCRemoteSwiftPackageReference "SnapKit" */;
			productName = SnapKit;
		};
		E253310F2B1C700600A56DAD /* SDWebImage */ = {
			isa = XCSwiftPackageProductDependency;
			package = F8E053BE2AA4A9DD0025E665 /* XCRemoteSwiftPackageReference "SDWebImage" */;
			productName = SDWebImage;
		};
/* End XCSwiftPackageProductDependency section */
	};
	rootObject = F8E053952AA490290025E665 /* Project object */;
}
